
Microsoft Visual Studio Solution File, Format Version 12.00
# Visual Studio Version 16
VisualStudioVersion = 16.0.30907.101
MinimumVisualStudioVersion = 10.0.40219.1
Project("{9A19103F-16F7-4668-BE54-9A1E7A4F7556}") = "DevToys.PocoDB.Core", "DevToys.PocoDB.Core\DevToys.PocoDB.Core.csproj", "{FB119B4E-096B-419B-B41E-E3154FDA9961}"
EndProject
Project("{9A19103F-16F7-4668-BE54-9A1E7A4F7556}") = "TestProject1", "TestProject1\TestProject1.csproj", "{C6AC0E02-67B1-43DB-8EC2-181BBEF738DA}"
EndProject
Project("{FAE04EC0-301F-11D3-BF4B-00C04F79EFBC}") = "DevToys.PocoDB.BulkInsert.Core", "DevToys.PocoDBBulkInsert.Core\DevToys.PocoDB.BulkInsert.Core.csproj", "{678390B9-CE0E-4888-BB35-363F1FA17B38}"
EndProject
Global
	GlobalSection(SolutionConfigurationPlatforms) = preSolution
		Debug|Any CPU = Debug|Any CPU
		Release|Any CPU = Release|Any CPU
	EndGlobalSection
	GlobalSection(ProjectConfigurationPlatforms) = postSolution
		{FB119B4E-096B-419B-B41E-E3154FDA9961}.Debug|Any CPU.ActiveCfg = Debug|Any CPU
		{FB119B4E-096B-419B-B41E-E3154FDA9961}.Debug|Any CPU.Build.0 = Debug|Any CPU
		{FB119B4E-096B-419B-B41E-E3154FDA9961}.Release|Any CPU.ActiveCfg = Release|Any CPU
		{FB119B4E-096B-419B-B41E-E3154FDA9961}.Release|Any CPU.Build.0 = Release|Any CPU
		{C6AC0E02-67B1-43DB-8EC2-181BBEF738DA}.Debug|Any CPU.ActiveCfg = Debug|Any CPU
		{C6AC0E02-67B1-43DB-8EC2-181BBEF738DA}.Debug|Any CPU.Build.0 = Debug|Any CPU
		{C6AC0E02-67B1-43DB-8EC2-181BBEF738DA}.Release|Any CPU.ActiveCfg = Release|Any CPU
		{C6AC0E02-67B1-43DB-8EC2-181BBEF738DA}.Release|Any CPU.Build.0 = Release|Any CPU
		{678390B9-CE0E-4888-BB35-363F1FA17B38}.Debug|Any CPU.ActiveCfg = Debug|Any CPU
		{678390B9-CE0E-4888-BB35-363F1FA17B38}.Debug|Any CPU.Build.0 = Debug|Any CPU
		{678390B9-CE0E-4888-BB35-363F1FA17B38}.Release|Any CPU.ActiveCfg = Release|Any CPU
		{678390B9-CE0E-4888-BB35-363F1FA17B38}.Release|Any CPU.Build.0 = Release|Any CPU
	EndGlobalSection
	GlobalSection(SolutionProperties) = preSolution
		HideSolutionNode = FALSE
	EndGlobalSection
	GlobalSection(ExtensibilityGlobals) = postSolution
		SolutionGuid = {F4D72C44-340D-479D-A16F-D97F82E2A016}
	EndGlobalSection
EndGlobal
